// !$*UTF8*$!
{
	archiveVersion = 1;
	classes = {
	};
	objectVersion = 46;
	objects = {

/* Begin PBXBuildFile section */
		39F10BCE1B8D10CC00572DB5 /* main.m in Sources */ = {isa = PBXBuildFile; fileRef = 39F10BCD1B8D10CC00572DB5 /* main.m */; };
		39F10BD11B8D10CC00572DB5 /* AppDelegate.m in Sources */ = {isa = PBXBuildFile; fileRef = 39F10BD01B8D10CC00572DB5 /* AppDelegate.m */; };
		39F10BD91B8D10CC00572DB5 /* Images.xcassets in Resources */ = {isa = PBXBuildFile; fileRef = 39F10BD81B8D10CC00572DB5 /* Images.xcassets */; };
		39F10BDC1B8D10CC00572DB5 /* LaunchScreen.xib in Resources */ = {isa = PBXBuildFile; fileRef = 39F10BDA1B8D10CC00572DB5 /* LaunchScreen.xib */; };
		39F10BE81B8D10CC00572DB5 /* ____Tests.m in Sources */ = {isa = PBXBuildFile; fileRef = 39F10BE71B8D10CC00572DB5 /* ____Tests.m */; };
		39F10BFC1B8D124400572DB5 /* LLMainTabbarController.m in Sources */ = {isa = PBXBuildFile; fileRef = 39F10BFB1B8D124400572DB5 /* LLMainTabbarController.m */; };
		39F10BFF1B8D126100572DB5 /* LLNavController.m in Sources */ = {isa = PBXBuildFile; fileRef = 39F10BFE1B8D126100572DB5 /* LLNavController.m */; };
		39F10C0C1B8D13B300572DB5 /* LLMineTabViewController.m in Sources */ = {isa = PBXBuildFile; fileRef = 39F10C0B1B8D13B300572DB5 /* LLMineTabViewController.m */; };
		39F10C0F1B8D13DF00572DB5 /* LLMoreTableViewController.m in Sources */ = {isa = PBXBuildFile; fileRef = 39F10C0E1B8D13DF00572DB5 /* LLMoreTableViewController.m */; };
		39F10C121B8D13EE00572DB5 /* LLOnsiteTableViewController.m in Sources */ = {isa = PBXBuildFile; fileRef = 39F10C111B8D13EE00572DB5 /* LLOnsiteTableViewController.m */; };
		39F10C151B8D13FD00572DB5 /* LLMerchantTableViewController.m in Sources */ = {isa = PBXBuildFile; fileRef = 39F10C141B8D13FD00572DB5 /* LLMerchantTableViewController.m */; };
		39F10C181B8D141400572DB5 /* LLHomeTableViewController.m in Sources */ = {isa = PBXBuildFile; fileRef = 39F10C171B8D141400572DB5 /* LLHomeTableViewController.m */; };
/* End PBXBuildFile section */

/* Begin PBXContainerItemProxy section */
		39F10BE21B8D10CC00572DB5 /* PBXContainerItemProxy */ = {
			isa = PBXContainerItemProxy;
			containerPortal = 39F10BC01B8D10CC00572DB5 /* Project object */;
			proxyType = 1;
			remoteGlobalIDString = 39F10BC71B8D10CC00572DB5;
			remoteInfo = "美团项目";
		};
/* End PBXContainerItemProxy section */

/* Begin PBXFileReference section */
		39F10BC81B8D10CC00572DB5 /* 美团项目.app */ = {isa = PBXFileReference; explicitFileType = wrapper.application; includeInIndex = 0; path = "美团项目.app"; sourceTree = BUILT_PRODUCTS_DIR; };
		39F10BCC1B8D10CC00572DB5 /* Info.plist */ = {isa = PBXFileReference; lastKnownFileType = text.plist.xml; path = Info.plist; sourceTree = "<group>"; };
		39F10BCD1B8D10CC00572DB5 /* main.m */ = {isa = PBXFileReference; lastKnownFileType = sourcecode.c.objc; path = main.m; sourceTree = "<group>"; };
		39F10BCF1B8D10CC00572DB5 /* AppDelegate.h */ = {isa = PBXFileReference; lastKnownFileType = sourcecode.c.h; path = AppDelegate.h; sourceTree = "<group>"; };
		39F10BD01B8D10CC00572DB5 /* AppDelegate.m */ = {isa = PBXFileReference; lastKnownFileType = sourcecode.c.objc; path = AppDelegate.m; sourceTree = "<group>"; };
		39F10BD81B8D10CC00572DB5 /* Images.xcassets */ = {isa = PBXFileReference; lastKnownFileType = folder.assetcatalog; path = Images.xcassets; sourceTree = "<group>"; };
		39F10BDB1B8D10CC00572DB5 /* Base */ = {isa = PBXFileReference; lastKnownFileType = file.xib; name = Base; path = Base.lproj/LaunchScreen.xib; sourceTree = "<group>"; };
		39F10BE11B8D10CC00572DB5 /* 美团项目Tests.xctest */ = {isa = PBXFileReference; explicitFileType = wrapper.cfbundle; includeInIndex = 0; path = "美团项目Tests.xctest"; sourceTree = BUILT_PRODUCTS_DIR; };
		39F10BE61B8D10CC00572DB5 /* Info.plist */ = {isa = PBXFileReference; lastKnownFileType = text.plist.xml; path = Info.plist; sourceTree = "<group>"; };
		39F10BE71B8D10CC00572DB5 /* ____Tests.m */ = {isa = PBXFileReference; lastKnownFileType = sourcecode.c.objc; path = "____Tests.m"; sourceTree = "<group>"; };
		39F10BFA1B8D124400572DB5 /* LLMainTabbarController.h */ = {isa = PBXFileReference; fileEncoding = 4; lastKnownFileType = sourcecode.c.h; path = LLMainTabbarController.h; sourceTree = "<group>"; };
		39F10BFB1B8D124400572DB5 /* LLMainTabbarController.m */ = {isa = PBXFileReference; fileEncoding = 4; lastKnownFileType = sourcecode.c.objc; path = LLMainTabbarController.m; sourceTree = "<group>"; };
		39F10BFD1B8D126100572DB5 /* LLNavController.h */ = {isa = PBXFileReference; fileEncoding = 4; lastKnownFileType = sourcecode.c.h; path = LLNavController.h; sourceTree = "<group>"; };
		39F10BFE1B8D126100572DB5 /* LLNavController.m */ = {isa = PBXFileReference; fileEncoding = 4; lastKnownFileType = sourcecode.c.objc; path = LLNavController.m; sourceTree = "<group>"; };
		39F10C0A1B8D13B300572DB5 /* LLMineTabViewController.h */ = {isa = PBXFileReference; fileEncoding = 4; lastKnownFileType = sourcecode.c.h; path = LLMineTabViewController.h; sourceTree = "<group>"; };
		39F10C0B1B8D13B300572DB5 /* LLMineTabViewController.m */ = {isa = PBXFileReference; fileEncoding = 4; lastKnownFileType = sourcecode.c.objc; path = LLMineTabViewController.m; sourceTree = "<group>"; };
		39F10C0D1B8D13DF00572DB5 /* LLMoreTableViewController.h */ = {isa = PBXFileReference; fileEncoding = 4; lastKnownFileType = sourcecode.c.h; path = LLMoreTableViewController.h; sourceTree = "<group>"; };
		39F10C0E1B8D13DF00572DB5 /* LLMoreTableViewController.m */ = {isa = PBXFileReference; fileEncoding = 4; lastKnownFileType = sourcecode.c.objc; path = LLMoreTableViewController.m; sourceTree = "<group>"; };
		39F10C101B8D13EE00572DB5 /* LLOnsiteTableViewController.h */ = {isa = PBXFileReference; fileEncoding = 4; lastKnownFileType = sourcecode.c.h; path = LLOnsiteTableViewController.h; sourceTree = "<group>"; };
		39F10C111B8D13EE00572DB5 /* LLOnsiteTableViewController.m */ = {isa = PBXFileReference; fileEncoding = 4; lastKnownFileType = sourcecode.c.objc; path = LLOnsiteTableViewController.m; sourceTree = "<group>"; };
		39F10C131B8D13FD00572DB5 /* LLMerchantTableViewController.h */ = {isa = PBXFileReference; fileEncoding = 4; lastKnownFileType = sourcecode.c.h; path = LLMerchantTableViewController.h; sourceTree = "<group>"; };
		39F10C141B8D13FD00572DB5 /* LLMerchantTableViewController.m */ = {isa = PBXFileReference; fileEncoding = 4; lastKnownFileType = sourcecode.c.objc; path = LLMerchantTableViewController.m; sourceTree = "<group>"; };
		39F10C161B8D141400572DB5 /* LLHomeTableViewController.h */ = {isa = PBXFileReference; fileEncoding = 4; lastKnownFileType = sourcecode.c.h; path = LLHomeTableViewController.h; sourceTree = "<group>"; };
		39F10C171B8D141400572DB5 /* LLHomeTableViewController.m */ = {isa = PBXFileReference; fileEncoding = 4; lastKnownFileType = sourcecode.c.objc; path = LLHomeTableViewController.m; sourceTree = "<group>"; };
		39F10C191B8D21DE00572DB5 /* MeiTuan.pch */ = {isa = PBXFileReference; lastKnownFileType = sourcecode.c.h; path = MeiTuan.pch; sourceTree = "<group>"; };
/* End PBXFileReference section */

/* Begin PBXFrameworksBuildPhase section */
		39F10BC51B8D10CC00572DB5 /* Frameworks */ = {
			isa = PBXFrameworksBuildPhase;
			buildActionMask = 2147483647;
			files = (
			);
			runOnlyForDeploymentPostprocessing = 0;
		};
		39F10BDE1B8D10CC00572DB5 /* Frameworks */ = {
			isa = PBXFrameworksBuildPhase;
			buildActionMask = 2147483647;
			files = (
			);
			runOnlyForDeploymentPostprocessing = 0;
		};
/* End PBXFrameworksBuildPhase section */

/* Begin PBXGroup section */
		39F10BBF1B8D10CC00572DB5 = {
			isa = PBXGroup;
			children = (
				39F10BCA1B8D10CC00572DB5 /* 美团项目 */,
				39F10BE41B8D10CC00572DB5 /* 美团项目Tests */,
				39F10BC91B8D10CC00572DB5 /* Products */,
			);
			sourceTree = "<group>";
		};
		39F10BC91B8D10CC00572DB5 /* Products */ = {
			isa = PBXGroup;
			children = (
				39F10BC81B8D10CC00572DB5 /* 美团项目.app */,
				39F10BE11B8D10CC00572DB5 /* 美团项目Tests.xctest */,
			);
			name = Products;
			sourceTree = "<group>";
		};
		39F10BCA1B8D10CC00572DB5 /* 美团项目 */ = {
			isa = PBXGroup;
			children = (
				39F10BF51B8D116F00572DB5 /* Main<主要> */,
				39F10BF41B8D115800572DB5 /* Other<其他> */,
				39F10BF31B8D114B00572DB5 /* Controller<控制器> */,
				39F10BF21B8D114000572DB5 /* View<视图> */,
				39F10BF11B8D113500572DB5 /* Model<模型> */,
				39F10BD81B8D10CC00572DB5 /* Images.xcassets */,
				39F10BDA1B8D10CC00572DB5 /* LaunchScreen.xib */,
				39F10BCB1B8D10CC00572DB5 /* Supporting Files */,
			);
			path = "美团项目";
			sourceTree = "<group>";
		};
		39F10BCB1B8D10CC00572DB5 /* Supporting Files */ = {
			isa = PBXGroup;
			children = (
				39F10BCC1B8D10CC00572DB5 /* Info.plist */,
				39F10C191B8D21DE00572DB5 /* MeiTuan.pch */,
			);
			name = "Supporting Files";
			sourceTree = "<group>";
		};
		39F10BE41B8D10CC00572DB5 /* 美团项目Tests */ = {
			isa = PBXGroup;
			children = (
				39F10BE71B8D10CC00572DB5 /* ____Tests.m */,
				39F10BE51B8D10CC00572DB5 /* Supporting Files */,
			);
			path = "美团项目Tests";
			sourceTree = "<group>";
		};
		39F10BE51B8D10CC00572DB5 /* Supporting Files */ = {
			isa = PBXGroup;
			children = (
				39F10BE61B8D10CC00572DB5 /* Info.plist */,
			);
			name = "Supporting Files";
			sourceTree = "<group>";
		};
		39F10BF11B8D113500572DB5 /* Model<模型> */ = {
			isa = PBXGroup;
			children = (
			);
			name = "Model<模型>";
			sourceTree = "<group>";
		};
		39F10BF21B8D114000572DB5 /* View<视图> */ = {
			isa = PBXGroup;
			children = (
			);
			name = "View<视图>";
			sourceTree = "<group>";
		};
		39F10BF31B8D114B00572DB5 /* Controller<控制器> */ = {
			isa = PBXGroup;
			children = (
				39F10C061B8D137000572DB5 /* More<更多> */,
				39F10C051B8D136700572DB5 /* Mine<我的> */,
				39F10C041B8D135C00572DB5 /* Onsite<上门> */,
				39F10C031B8D134500572DB5 /* Merchant<商家> */,
				39F10C021B8D131A00572DB5 /* Home<主页> */,
				39F10C011B8D130D00572DB5 /* Nav<顶部导航> */,
				39F10C001B8D12FB00572DB5 /* Tabbar<底部导航> */,
			);
			name = "Controller<控制器>";
			sourceTree = "<group>";
		};
		39F10BF41B8D115800572DB5 /* Other<其他> */ = {
			isa = PBXGroup;
			children = (
			);
			name = "Other<其他>";
			sourceTree = "<group>";
		};
		39F10BF51B8D116F00572DB5 /* Main<主要> */ = {
			isa = PBXGroup;
			children = (
				39F10BCF1B8D10CC00572DB5 /* AppDelegate.h */,
				39F10BD01B8D10CC00572DB5 /* AppDelegate.m */,
				39F10BCD1B8D10CC00572DB5 /* main.m */,
			);
			name = "Main<主要>";
			sourceTree = "<group>";
		};
		39F10C001B8D12FB00572DB5 /* Tabbar<底部导航> */ = {
			isa = PBXGroup;
			children = (
				39F10BFA1B8D124400572DB5 /* LLMainTabbarController.h */,
				39F10BFB1B8D124400572DB5 /* LLMainTabbarController.m */,
			);
			name = "Tabbar<底部导航>";
			sourceTree = "<group>";
		};
		39F10C011B8D130D00572DB5 /* Nav<顶部导航> */ = {
			isa = PBXGroup;
			children = (
				39F10BFD1B8D126100572DB5 /* LLNavController.h */,
				39F10BFE1B8D126100572DB5 /* LLNavController.m */,
			);
			name = "Nav<顶部导航>";
			sourceTree = "<group>";
		};
		39F10C021B8D131A00572DB5 /* Home<主页> */ = {
			isa = PBXGroup;
			children = (
				39F10C161B8D141400572DB5 /* LLHomeTableViewController.h */,
				39F10C171B8D141400572DB5 /* LLHomeTableViewController.m */,
			);
			name = "Home<主页>";
			sourceTree = "<group>";
		};
		39F10C031B8D134500572DB5 /* Merchant<商家> */ = {
			isa = PBXGroup;
			children = (
				39F10C131B8D13FD00572DB5 /* LLMerchantTableViewController.h */,
				39F10C141B8D13FD00572DB5 /* LLMerchantTableViewController.m */,
			);
			name = "Merchant<商家>";
			sourceTree = "<group>";
		};
		39F10C041B8D135C00572DB5 /* Onsite<上门> */ = {
			isa = PBXGroup;
			children = (
				39F10C101B8D13EE00572DB5 /* LLOnsiteTableViewController.h */,
				39F10C111B8D13EE00572DB5 /* LLOnsiteTableViewController.m */,
			);
			name = "Onsite<上门>";
			sourceTree = "<group>";
		};
		39F10C051B8D136700572DB5 /* Mine<我的> */ = {
			isa = PBXGroup;
			children = (
				39F10C0A1B8D13B300572DB5 /* LLMineTabViewController.h */,
				39F10C0B1B8D13B300572DB5 /* LLMineTabViewController.m */,
			);
			name = "Mine<我的>";
			sourceTree = "<group>";
		};
		39F10C061B8D137000572DB5 /* More<更多> */ = {
			isa = PBXGroup;
			children = (
				39F10C0D1B8D13DF00572DB5 /* LLMoreTableViewController.h */,
				39F10C0E1B8D13DF00572DB5 /* LLMoreTableViewController.m */,
			);
			name = "More<更多>";
			sourceTree = "<group>";
		};
/* End PBXGroup section */

/* Begin PBXNativeTarget section */
		39F10BC71B8D10CC00572DB5 /* 美团项目 */ = {
			isa = PBXNativeTarget;
			buildConfigurationList = 39F10BEB1B8D10CC00572DB5 /* Build configuration list for PBXNativeTarget "美团项目" */;
			buildPhases = (
				39F10BC41B8D10CC00572DB5 /* Sources */,
				39F10BC51B8D10CC00572DB5 /* Frameworks */,
				39F10BC61B8D10CC00572DB5 /* Resources */,
			);
			buildRules = (
			);
			dependencies = (
			);
			name = "美团项目";
			productName = "美团项目";
			productReference = 39F10BC81B8D10CC00572DB5 /* 美团项目.app */;
			productType = "com.apple.product-type.application";
		};
		39F10BE01B8D10CC00572DB5 /* 美团项目Tests */ = {
			isa = PBXNativeTarget;
			buildConfigurationList = 39F10BEE1B8D10CC00572DB5 /* Build configuration list for PBXNativeTarget "美团项目Tests" */;
			buildPhases = (
				39F10BDD1B8D10CC00572DB5 /* Sources */,
				39F10BDE1B8D10CC00572DB5 /* Frameworks */,
				39F10BDF1B8D10CC00572DB5 /* Resources */,
			);
			buildRules = (
			);
			dependencies = (
				39F10BE31B8D10CC00572DB5 /* PBXTargetDependency */,
			);
			name = "美团项目Tests";
			productName = "美团项目Tests";
			productReference = 39F10BE11B8D10CC00572DB5 /* 美团项目Tests.xctest */;
			productType = "com.apple.product-type.bundle.unit-test";
		};
/* End PBXNativeTarget section */

/* Begin PBXProject section */
		39F10BC01B8D10CC00572DB5 /* Project object */ = {
			isa = PBXProject;
			attributes = {
				CLASSPREFIX = LL;
				LastUpgradeCheck = 0630;
				ORGANIZATIONNAME = Allen;
				TargetAttributes = {
					39F10BC71B8D10CC00572DB5 = {
						CreatedOnToolsVersion = 6.3;
					};
					39F10BE01B8D10CC00572DB5 = {
						CreatedOnToolsVersion = 6.3;
						TestTargetID = 39F10BC71B8D10CC00572DB5;
					};
				};
			};
			buildConfigurationList = 39F10BC31B8D10CC00572DB5 /* Build configuration list for PBXProject "美团项目" */;
			compatibilityVersion = "Xcode 3.2";
			developmentRegion = English;
			hasScannedForEncodings = 0;
			knownRegions = (
				en,
				Base,
			);
			mainGroup = 39F10BBF1B8D10CC00572DB5;
			productRefGroup = 39F10BC91B8D10CC00572DB5 /* Products */;
			projectDirPath = "";
			projectRoot = "";
			targets = (
				39F10BC71B8D10CC00572DB5 /* 美团项目 */,
				39F10BE01B8D10CC00572DB5 /* 美团项目Tests */,
			);
		};
/* End PBXProject section */

/* Begin PBXResourcesBuildPhase section */
		39F10BC61B8D10CC00572DB5 /* Resources */ = {
			isa = PBXResourcesBuildPhase;
			buildActionMask = 2147483647;
			files = (
				39F10BDC1B8D10CC00572DB5 /* LaunchScreen.xib in Resources */,
				39F10BD91B8D10CC00572DB5 /* Images.xcassets in Resources */,
			);
			runOnlyForDeploymentPostprocessing = 0;
		};
		39F10BDF1B8D10CC00572DB5 /* Resources */ = {
			isa = PBXResourcesBuildPhase;
			buildActionMask = 2147483647;
			files = (
			);
			runOnlyForDeploymentPostprocessing = 0;
		};
/* End PBXResourcesBuildPhase section */

/* Begin PBXSourcesBuildPhase section */
		39F10BC41B8D10CC00572DB5 /* Sources */ = {
			isa = PBXSourcesBuildPhase;
			buildActionMask = 2147483647;
			files = (
				39F10BFC1B8D124400572DB5 /* LLMainTabbarController.m in Sources */,
				39F10C0C1B8D13B300572DB5 /* LLMineTabViewController.m in Sources */,
				39F10BFF1B8D126100572DB5 /* LLNavController.m in Sources */,
				39F10C151B8D13FD00572DB5 /* LLMerchantTableViewController.m in Sources */,
				39F10C121B8D13EE00572DB5 /* LLOnsiteTableViewController.m in Sources */,
				39F10C181B8D141400572DB5 /* LLHomeTableViewController.m in Sources */,
				39F10BD11B8D10CC00572DB5 /* AppDelegate.m in Sources */,
				39F10C0F1B8D13DF00572DB5 /* LLMoreTableViewController.m in Sources */,
				39F10BCE1B8D10CC00572DB5 /* main.m in Sources */,
			);
			runOnlyForDeploymentPostprocessing = 0;
		};
		39F10BDD1B8D10CC00572DB5 /* Sources */ = {
			isa = PBXSourcesBuildPhase;
			buildActionMask = 2147483647;
			files = (
				39F10BE81B8D10CC00572DB5 /* ____Tests.m in Sources */,
			);
			runOnlyForDeploymentPostprocessing = 0;
		};
/* End PBXSourcesBuildPhase section */

/* Begin PBXTargetDependency section */
		39F10BE31B8D10CC00572DB5 /* PBXTargetDependency */ = {
			isa = PBXTargetDependency;
			target = 39F10BC71B8D10CC00572DB5 /* 美团项目 */;
			targetProxy = 39F10BE21B8D10CC00572DB5 /* PBXContainerItemProxy */;
		};
/* End PBXTargetDependency section */

/* Begin PBXVariantGroup section */
		39F10BDA1B8D10CC00572DB5 /* LaunchScreen.xib */ = {
			isa = PBXVariantGroup;
			children = (
				39F10BDB1B8D10CC00572DB5 /* Base */,
			);
			name = LaunchScreen.xib;
			sourceTree = "<group>";
		};
/* End PBXVariantGroup section */

/* Begin XCBuildConfiguration section */
		39F10BE91B8D10CC00572DB5 /* Debug */ = {
			isa = XCBuildConfiguration;
			buildSettings = {
				ALWAYS_SEARCH_USER_PATHS = NO;
				CLANG_CXX_LANGUAGE_STANDARD = "gnu++0x";
				CLANG_CXX_LIBRARY = "libc++";
				CLANG_ENABLE_MODULES = YES;
				CLANG_ENABLE_OBJC_ARC = YES;
				CLANG_WARN_BOOL_CONVERSION = YES;
				CLANG_WARN_CONSTANT_CONVERSION = YES;
				CLANG_WARN_DIRECT_OBJC_ISA_USAGE = YES_ERROR;
				CLANG_WARN_EMPTY_BODY = YES;
				CLANG_WARN_ENUM_CONVERSION = YES;
				CLANG_WARN_INT_CONVERSION = YES;
				CLANG_WARN_OBJC_ROOT_CLASS = YES_ERROR;
				CLANG_WARN_UNREACHABLE_CODE = YES;
				CLANG_WARN__DUPLICATE_METHOD_MATCH = YES;
				"CODE_SIGN_IDENTITY[sdk=iphoneos*]" = "iPhone Developer";
				COPY_PHASE_STRIP = NO;
				DEBUG_INFORMATION_FORMAT = "dwarf-with-dsym";
				ENABLE_STRICT_OBJC_MSGSEND = YES;
				GCC_C_LANGUAGE_STANDARD = gnu99;
				GCC_DYNAMIC_NO_PIC = NO;
				GCC_NO_COMMON_BLOCKS = YES;
				GCC_OPTIMIZATION_LEVEL = 0;
				GCC_PREPROCESSOR_DEFINITIONS = (
					"DEBUG=1",
					"$(inherited)",
				);
				GCC_SYMBOLS_PRIVATE_EXTERN = NO;
				GCC_WARN_64_TO_32_BIT_CONVERSION = YES;
				GCC_WARN_ABOUT_RETURN_TYPE = YES_ERROR;
				GCC_WARN_UNDECLARED_SELECTOR = YES;
				GCC_WARN_UNINITIALIZED_AUTOS = YES_AGGRESSIVE;
				GCC_WARN_UNUSED_FUNCTION = YES;
				GCC_WARN_UNUSED_VARIABLE = YES;
				IPHONEOS_DEPLOYMENT_TARGET = 8.3;
				MTL_ENABLE_DEBUG_INFO = YES;
				ONLY_ACTIVE_ARCH = YES;
				SDKROOT = iphoneos;
				TARGETED_DEVICE_FAMILY = "1,2";
			};
			name = Debug;
		};
		39F10BEA1B8D10CC00572DB5 /* Release */ = {
			isa = XCBuildConfiguration;
			buildSettings = {
				ALWAYS_SEARCH_USER_PATHS = NO;
				CLANG_CXX_LANGUAGE_STANDARD = "gnu++0x";
				CLANG_CXX_LIBRARY = "libc++";
				CLANG_ENABLE_MODULES = YES;
				CLANG_ENABLE_OBJC_ARC = YES;
				CLANG_WARN_BOOL_CONVERSION = YES;
				CLANG_WARN_CONSTANT_CONVERSION = YES;
				CLANG_WARN_DIRECT_OBJC_ISA_USAGE = YES_ERROR;
				CLANG_WARN_EMPTY_BODY = YES;
				CLANG_WARN_ENUM_CONVERSION = YES;
				CLANG_WARN_INT_CONVERSION = YES;
				CLANG_WARN_OBJC_ROOT_CLASS = YES_ERROR;
				CLANG_WARN_UNREACHABLE_CODE = YES;
				CLANG_WARN__DUPLICATE_METHOD_MATCH = YES;
				"CODE_SIGN_IDENTITY[sdk=iphoneos*]" = "iPhone Developer";
				COPY_PHASE_STRIP = NO;
				DEBUG_INFORMATION_FORMAT = "dwarf-with-dsym";
				ENABLE_NS_ASSERTIONS = NO;
				ENABLE_STRICT_OBJC_MSGSEND = YES;
				GCC_C_LANGUAGE_STANDARD = gnu99;
				GCC_NO_COMMON_BLOCKS = YES;
				GCC_WARN_64_TO_32_BIT_CONVERSION = YES;
				GCC_WARN_ABOUT_RETURN_TYPE = YES_ERROR;
				GCC_WARN_UNDECLARED_SELECTOR = YES;
				GCC_WARN_UNINITIALIZED_AUTOS = YES_AGGRESSIVE;
				GCC_WARN_UNUSED_FUNCTION = YES;
				GCC_WARN_UNUSED_VARIABLE = YES;
				IPHONEOS_DEPLOYMENT_TARGET = 8.3;
				MTL_ENABLE_DEBUG_INFO = NO;
				SDKROOT = iphoneos;
				TARGETED_DEVICE_FAMILY = "1,2";
				VALIDATE_PRODUCT = YES;
			};
			name = Release;
		};
		39F10BEC1B8D10CC00572DB5 /* Debug */ = {
			isa = XCBuildConfiguration;
			buildSettings = {
				ASSETCATALOG_COMPILER_APPICON_NAME = AppIcon;
				CODE_SIGN_IDENTITY = "iPhone Developer";
				GCC_PREFIX_HEADER = "美团项目/MeiTuan.pch";
				INFOPLIST_FILE = "美团项目/Info.plist";
				LD_RUNPATH_SEARCH_PATHS = "$(inherited) @executable_path/Frameworks";
				PRODUCT_NAME = "$(TARGET_NAME)";
				TARGETED_DEVICE_FAMILY = 1;
			};
			name = Debug;
		};
		39F10BED1B8D10CC00572DB5 /* Release */ = {
			isa = XCBuildConfiguration;
			buildSettings = {
				ASSETCATALOG_COMPILER_APPICON_NAME = AppIcon;
				CODE_SIGN_IDENTITY = "iPhone Developer";
				GCC_PREFIX_HEADER = "美团项目/MeiTuan.pch";
				INFOPLIST_FILE = "美团项目/Info.plist";
				LD_RUNPATH_SEARCH_PATHS = "$(inherited) @executable_path/Frameworks";
				PRODUCT_NAME = "$(TARGET_NAME)";
				TARGETED_DEVICE_FAMILY = 1;
			};
			name = Release;
		};
		39F10BEF1B8D10CC00572DB5 /* Debug */ = {
			isa = XCBuildConfiguration;
			buildSettings = {
				BUNDLE_LOADER = "$(TEST_HOST)";
				FRAMEWORK_SEARCH_PATHS = (
					"$(SDKROOT)/Developer/Library/Frameworks",
					"$(inherited)",
				);
				GCC_PREPROCESSOR_DEFINITIONS = (
					"DEBUG=1",
					"$(inherited)",
				);
				INFOPLIST_FILE = "美团项目Tests/Info.plist";
				LD_RUNPATH_SEARCH_PATHS = "$(inherited) @executable_path/Frameworks @loader_path/Frameworks";
				PRODUCT_NAME = "$(TARGET_NAME)";
				TEST_HOST = "$(BUILT_PRODUCTS_DIR)/美团项目.app/美团项目";
			};
			name = Debug;
		};
		39F10BF01B8D10CC00572DB5 /* Release */ = {
			isa = XCBuildConfiguration;
			buildSettings = {
				BUNDLE_LOADER = "$(TEST_HOST)";
				FRAMEWORK_SEARCH_PATHS = (
					"$(SDKROOT)/Developer/Library/Frameworks",
					"$(inherited)",
				);
				INFOPLIST_FILE = "美团项目Tests/Info.plist";
				LD_RUNPATH_SEARCH_PATHS = "$(inherited) @executable_path/Frameworks @loader_path/Frameworks";
				PRODUCT_NAME = "$(TARGET_NAME)";
				TEST_HOST = "$(BUILT_PRODUCTS_DIR)/美团项目.app/美团项目";
			};
			name = Release;
		};
/* End XCBuildConfiguration section */

/* Begin XCConfigurationList section */
		39F10BC31B8D10CC00572DB5 /* Build configuration list for PBXProject "美团项目" */ = {
			isa = XCConfigurationList;
			buildConfigurations = (
				39F10BE91B8D10CC00572DB5 /* Debug */,
				39F10BEA1B8D10CC00572DB5 /* Release */,
			);
			defaultConfigurationIsVisible = 0;
			defaultConfigurationName = Release;
		};
		39F10BEB1B8D10CC00572DB5 /* Build configuration list for PBXNativeTarget "美团项目" */ = {
			isa = XCConfigurationList;
			buildConfigurations = (
				39F10BEC1B8D10CC00572DB5 /* Debug */,
				39F10BED1B8D10CC00572DB5 /* Release */,
			);
			defaultConfigurationIsVisible = 0;
		};
		39F10BEE1B8D10CC00572DB5 /* Build configuration list for PBXNativeTarget "美团项目Tests" */ = {
			isa = XCConfigurationList;
			buildConfigurations = (
				39F10BEF1B8D10CC00572DB5 /* Debug */,
				39F10BF01B8D10CC00572DB5 /* Release */,
			);
			defaultConfigurationIsVisible = 0;
		};
/* End XCConfigurationList section */
	};
	rootObject = 39F10BC01B8D10CC00572DB5 /* Project object */;
}
